
Microsoft Visual Studio Solution File, Format Version 12.00
# Visual Studio Version 17
VisualStudioVersion = 17.2.32505.173
MinimumVisualStudioVersion = 10.0.40219.1
Project("{F184B08F-C81C-45F6-A57F-5ABD9991F28F}") = "Library Managemey System", "Library Managemey System\Library Managemey System.vbproj", "{B7B9066D-19A4-4CC2-A840-CBEDCB66F8C4}"
EndProject
Global
	GlobalSection(SolutionConfigurationPlatforms) = preSolution
		Debug|Any CPU = Debug|Any CPU
		Release|Any CPU = Release|Any CPU
	EndGlobalSection
	GlobalSection(ProjectConfigurationPlatforms) = postSolution
		{B7B9066D-19A4-4CC2-A840-CBEDCB66F8C4}.Debug|Any CPU.ActiveCfg = Debug|Any CPU
		{B7B9066D-19A4-4CC2-A840-CBEDCB66F8C4}.Debug|Any CPU.Build.0 = Debug|Any CPU
		{B7B9066D-19A4-4CC2-A840-CBEDCB66F8C4}.Release|Any CPU.ActiveCfg = Release|Any CPU
		{B7B9066D-19A4-4CC2-A840-CBEDCB66F8C4}.Release|Any CPU.Build.0 = Release|Any CPU
	EndGlobalSection
	GlobalSection(SolutionProperties) = preSolution
		HideSolutionNode = FALSE
	EndGlobalSection
	GlobalSection(ExtensibilityGlobals) = postSolution
		SolutionGuid = {E956B0AC-E810-4561-A602-28FA28E17EC7}
	EndGlobalSection
EndGlobal
